
Microsoft Visual Studio Solution File, Format Version 11.00
# Visual Studio 2010
Project("{FAE04EC0-301F-11D3-BF4B-00C04F79EFBC}") = "BookMe", "BookMe\BookMe.csproj", "{31AF073C-70CD-4C74-A440-636B2F7B9F74}"
EndProject
Global
	GlobalSection(TeamFoundationVersionControl) = preSolution
		SccNumberOfProjects = 2
		SccEnterpriseProvider = {4CA58AB2-18FA-4F8D-95D4-32DDF27D184C}
		SccTeamFoundationServer = http://kk-pc:8080/tfs/defaultcollection
		SccLocalPath0 = .
		SccProjectUniqueName1 = BookMe\\BookMe.csproj
		SccProjectName1 = BookMe
		SccLocalPath1 = BookMe
	EndGlobalSection
	GlobalSection(SolutionConfigurationPlatforms) = preSolution
		Debug|Any CPU = Debug|Any CPU
		Release|Any CPU = Release|Any CPU
	EndGlobalSection
	GlobalSection(ProjectConfigurationPlatforms) = postSolution
		{31AF073C-70CD-4C74-A440-636B2F7B9F74}.Debug|Any CPU.ActiveCfg = Debug|Any CPU
		{31AF073C-70CD-4C74-A440-636B2F7B9F74}.Debug|Any CPU.Build.0 = Debug|Any CPU
		{31AF073C-70CD-4C74-A440-636B2F7B9F74}.Release|Any CPU.ActiveCfg = Release|Any CPU
		{31AF073C-70CD-4C74-A440-636B2F7B9F74}.Release|Any CPU.Build.0 = Release|Any CPU
	EndGlobalSection
	GlobalSection(SolutionProperties) = preSolution
		HideSolutionNode = FALSE
	EndGlobalSection
EndGlobal
